
Microsoft Visual Studio Solution File, Format Version 12.00
# Visual Studio 2012
Project("{FAE04EC0-301F-11D3-BF4B-00C04F79EFBC}") = "Core.Erp.Business", "Core.Erp.Bussines\Core.Erp.Business.csproj", "{205389BD-DCD7-4212-91E6-D70EA1FE1705}"
EndProject
Project("{FAE04EC0-301F-11D3-BF4B-00C04F79EFBC}") = "Core.Erp.Info", "Core.Erp.Info\Core.Erp.Info.csproj", "{01EFA86C-05AF-4BF0-9297-4D7B843D997B}"
EndProject
Project("{FAE04EC0-301F-11D3-BF4B-00C04F79EFBC}") = "Core.Erp.Recursos", "Core.Erp.Recursos\Core.Erp.Recursos.csproj", "{8F0A222C-A02F-4141-BF17-F819A3F08B6C}"
EndProject
Project("{FAE04EC0-301F-11D3-BF4B-00C04F79EFBC}") = "Core.Erp.Winform", "Core.Erp.Winform\Core.Erp.Winform.csproj", "{2C72424A-4192-4930-9852-7271EE3298A7}"
EndProject
Project("{FAE04EC0-301F-11D3-BF4B-00C04F79EFBC}") = "Cus.Erp.Reports.Talme", "Cus.Erp.Reports.Talme\Cus.Erp.Reports.Talme.csproj", "{F4361C16-9C33-449C-98FE-DF2E2186AC78}"
EndProject
Project("{FAE04EC0-301F-11D3-BF4B-00C04F79EFBC}") = "Cus.Erp.Reports.Naturisa", "Cus.Erp.Reports.Naturisa\Cus.Erp.Reports.Naturisa.csproj", "{51EA47EC-00C0-4EB2-8FE1-95520F79B5AD}"
EndProject
Project("{FAE04EC0-301F-11D3-BF4B-00C04F79EFBC}") = "Core.Erp.Reportes", "Core.Erp.Reportes\Core.Erp.Reportes.csproj", "{498AED4B-4B34-4A74-A000-0947F39110C6}"
EndProject
Project("{FAE04EC0-301F-11D3-BF4B-00C04F79EFBC}") = "Cus.Erp.Reports.Cidersus", "Cus.Erp.Reports.Cidersus\Cus.Erp.Reports.Cidersus.csproj", "{DBC70D63-7A23-4639-87BF-FDFDCF230562}"
EndProject
Project("{FAE04EC0-301F-11D3-BF4B-00C04F79EFBC}") = "Cus.Erp.Reports.FJ", "Cus.Erp.Reports.Fj-Servindustrias\Cus.Erp.Reports.FJ.csproj", "{D8A4DAA8-DD69-4A94-B743-61F2114F47DC}"
EndProject
Project("{FAE04EC0-301F-11D3-BF4B-00C04F79EFBC}") = "Cus.ERP.Reports.Grafinpren", "Cus.ERP.Reports.Grafinpren\Cus.ERP.Reports.Grafinpren.csproj", "{5A64003F-FC37-4FC2-948D-0A604787F5F2}"
EndProject
Project("{FAE04EC0-301F-11D3-BF4B-00C04F79EFBC}") = "Core.Erp.Data", "Core.Erp.Data\Core.Erp.Data.csproj", "{650E5CC9-D792-4413-81CD-083DEBA29DF0}"
EndProject
Project("{00D1A9C2-B5F0-4AF3-8072-F6C62B433612}") = "DataBase_DBERP_VZEN", "DataBase_DBERP_VZEN\DataBase_DBERP_VZEN.sqlproj", "{0D111D57-24FD-4C3A-8CDD-F4A15B6766BC}"
EndProject
Project("{FAE04EC0-301F-11D3-BF4B-00C04F79EFBC}") = "Cus.Erp.Reports.CAH", "Cus.Erp.Reports.CAH\Cus.Erp.Reports.CAH.csproj", "{8626278E-6878-4E5A-9244-6F96A3BCB57B}"
EndProject
Global
	GlobalSection(SolutionConfigurationPlatforms) = preSolution
		Debug|Any CPU = Debug|Any CPU
		Debug|Mixed Platforms = Debug|Mixed Platforms
		Debug|x64 = Debug|x64
		Debug|x86 = Debug|x86
		EasyTest|Any CPU = EasyTest|Any CPU
		EasyTest|Mixed Platforms = EasyTest|Mixed Platforms
		EasyTest|x64 = EasyTest|x64
		EasyTest|x86 = EasyTest|x86
		Prueba|Any CPU = Prueba|Any CPU
		Prueba|Mixed Platforms = Prueba|Mixed Platforms
		Prueba|x64 = Prueba|x64
		Prueba|x86 = Prueba|x86
		Release|Any CPU = Release|Any CPU
		Release|Mixed Platforms = Release|Mixed Platforms
		Release|x64 = Release|x64
		Release|x86 = Release|x86
	EndGlobalSection
	GlobalSection(ProjectConfigurationPlatforms) = postSolution
		{205389BD-DCD7-4212-91E6-D70EA1FE1705}.Debug|Any CPU.ActiveCfg = Debug|Any CPU
		{205389BD-DCD7-4212-91E6-D70EA1FE1705}.Debug|Any CPU.Build.0 = Debug|Any CPU
		{205389BD-DCD7-4212-91E6-D70EA1FE1705}.Debug|Mixed Platforms.ActiveCfg = Debug|Any CPU
		{205389BD-DCD7-4212-91E6-D70EA1FE1705}.Debug|Mixed Platforms.Build.0 = Debug|Any CPU
		{205389BD-DCD7-4212-91E6-D70EA1FE1705}.Debug|x64.ActiveCfg = Debug|Any CPU
		{205389BD-DCD7-4212-91E6-D70EA1FE1705}.Debug|x86.ActiveCfg = Debug|Any CPU
		{205389BD-DCD7-4212-91E6-D70EA1FE1705}.Debug|x86.Build.0 = Debug|Any CPU
		{205389BD-DCD7-4212-91E6-D70EA1FE1705}.EasyTest|Any CPU.ActiveCfg = Release|Any CPU
		{205389BD-DCD7-4212-91E6-D70EA1FE1705}.EasyTest|Any CPU.Build.0 = Release|Any CPU
		{205389BD-DCD7-4212-91E6-D70EA1FE1705}.EasyTest|Mixed Platforms.ActiveCfg = Release|Any CPU
		{205389BD-DCD7-4212-91E6-D70EA1FE1705}.EasyTest|Mixed Platforms.Build.0 = Release|Any CPU
		{205389BD-DCD7-4212-91E6-D70EA1FE1705}.EasyTest|x64.ActiveCfg = Release|Any CPU
		{205389BD-DCD7-4212-91E6-D70EA1FE1705}.EasyTest|x86.ActiveCfg = Release|Any CPU
		{205389BD-DCD7-4212-91E6-D70EA1FE1705}.Prueba|Any CPU.ActiveCfg = Prueba|Any CPU
		{205389BD-DCD7-4212-91E6-D70EA1FE1705}.Prueba|Mixed Platforms.ActiveCfg = Prueba|Any CPU
		{205389BD-DCD7-4212-91E6-D70EA1FE1705}.Prueba|Mixed Platforms.Build.0 = Prueba|Any CPU
		{205389BD-DCD7-4212-91E6-D70EA1FE1705}.Prueba|x64.ActiveCfg = Prueba|Any CPU
		{205389BD-DCD7-4212-91E6-D70EA1FE1705}.Prueba|x86.ActiveCfg = Prueba|Any CPU
		{205389BD-DCD7-4212-91E6-D70EA1FE1705}.Release|Any CPU.ActiveCfg = Release|Any CPU
		{205389BD-DCD7-4212-91E6-D70EA1FE1705}.Release|Any CPU.Build.0 = Release|Any CPU
		{205389BD-DCD7-4212-91E6-D70EA1FE1705}.Release|Mixed Platforms.ActiveCfg = Release|Any CPU
		{205389BD-DCD7-4212-91E6-D70EA1FE1705}.Release|Mixed Platforms.Build.0 = Release|Any CPU
		{205389BD-DCD7-4212-91E6-D70EA1FE1705}.Release|x64.ActiveCfg = Release|Any CPU
		{205389BD-DCD7-4212-91E6-D70EA1FE1705}.Release|x86.ActiveCfg = Release|Any CPU
		{01EFA86C-05AF-4BF0-9297-4D7B843D997B}.Debug|Any CPU.ActiveCfg = Debug|Any CPU
		{01EFA86C-05AF-4BF0-9297-4D7B843D997B}.Debug|Any CPU.Build.0 = Debug|Any CPU
		{01EFA86C-05AF-4BF0-9297-4D7B843D997B}.Debug|Mixed Platforms.ActiveCfg = Debug|Any CPU
		{01EFA86C-05AF-4BF0-9297-4D7B843D997B}.Debug|Mixed Platforms.Build.0 = Debug|Any CPU
		{01EFA86C-05AF-4BF0-9297-4D7B843D997B}.Debug|x64.ActiveCfg = Debug|Any CPU
		{01EFA86C-05AF-4BF0-9297-4D7B843D997B}.Debug|x86.ActiveCfg = Debug|Any CPU
		{01EFA86C-05AF-4BF0-9297-4D7B843D997B}.Debug|x86.Build.0 = Debug|Any CPU
		{01EFA86C-05AF-4BF0-9297-4D7B843D997B}.EasyTest|Any CPU.ActiveCfg = Release|Any CPU
		{01EFA86C-05AF-4BF0-9297-4D7B843D997B}.EasyTest|Any CPU.Build.0 = Release|Any CPU
		{01EFA86C-05AF-4BF0-9297-4D7B843D997B}.EasyTest|Mixed Platforms.ActiveCfg = Release|Any CPU
		{01EFA86C-05AF-4BF0-9297-4D7B843D997B}.EasyTest|Mixed Platforms.Build.0 = Release|Any CPU
		{01EFA86C-05AF-4BF0-9297-4D7B843D997B}.EasyTest|x64.ActiveCfg = Release|Any CPU
		{01EFA86C-05AF-4BF0-9297-4D7B843D997B}.EasyTest|x86.ActiveCfg = Release|Any CPU
		{01EFA86C-05AF-4BF0-9297-4D7B843D997B}.Prueba|Any CPU.ActiveCfg = Prueba|Any CPU
		{01EFA86C-05AF-4BF0-9297-4D7B843D997B}.Prueba|Mixed Platforms.ActiveCfg = Prueba|Any CPU
		{01EFA86C-05AF-4BF0-9297-4D7B843D997B}.Prueba|Mixed Platforms.Build.0 = Prueba|Any CPU
		{01EFA86C-05AF-4BF0-9297-4D7B843D997B}.Prueba|x64.ActiveCfg = Prueba|Any CPU
		{01EFA86C-05AF-4BF0-9297-4D7B843D997B}.Prueba|x86.ActiveCfg = Prueba|Any CPU
		{01EFA86C-05AF-4BF0-9297-4D7B843D997B}.Release|Any CPU.ActiveCfg = Release|Any CPU
		{01EFA86C-05AF-4BF0-9297-4D7B843D997B}.Release|Any CPU.Build.0 = Release|Any CPU
		{01EFA86C-05AF-4BF0-9297-4D7B843D997B}.Release|Mixed Platforms.ActiveCfg = Release|Any CPU
		{01EFA86C-05AF-4BF0-9297-4D7B843D997B}.Release|Mixed Platforms.Build.0 = Release|Any CPU
		{01EFA86C-05AF-4BF0-9297-4D7B843D997B}.Release|x64.ActiveCfg = Release|Any CPU
		{01EFA86C-05AF-4BF0-9297-4D7B843D997B}.Release|x86.ActiveCfg = Release|Any CPU
		{8F0A222C-A02F-4141-BF17-F819A3F08B6C}.Debug|Any CPU.ActiveCfg = Debug|Any CPU
		{8F0A222C-A02F-4141-BF17-F819A3F08B6C}.Debug|Any CPU.Build.0 = Debug|Any CPU
		{8F0A222C-A02F-4141-BF17-F819A3F08B6C}.Debug|Mixed Platforms.ActiveCfg = Debug|Any CPU
		{8F0A222C-A02F-4141-BF17-F819A3F08B6C}.Debug|Mixed Platforms.Build.0 = Debug|Any CPU
		{8F0A222C-A02F-4141-BF17-F819A3F08B6C}.Debug|x64.ActiveCfg = Debug|Any CPU
		{8F0A222C-A02F-4141-BF17-F819A3F08B6C}.Debug|x86.ActiveCfg = Debug|Any CPU
		{8F0A222C-A02F-4141-BF17-F819A3F08B6C}.Debug|x86.Build.0 = Debug|Any CPU
		{8F0A222C-A02F-4141-BF17-F819A3F08B6C}.EasyTest|Any CPU.ActiveCfg = Release|Any CPU
		{8F0A222C-A02F-4141-BF17-F819A3F08B6C}.EasyTest|Any CPU.Build.0 = Release|Any CPU
		{8F0A222C-A02F-4141-BF17-F819A3F08B6C}.EasyTest|Mixed Platforms.ActiveCfg = Release|Any CPU
		{8F0A222C-A02F-4141-BF17-F819A3F08B6C}.EasyTest|Mixed Platforms.Build.0 = Release|Any CPU
		{8F0A222C-A02F-4141-BF17-F819A3F08B6C}.EasyTest|x64.ActiveCfg = Release|Any CPU
		{8F0A222C-A02F-4141-BF17-F819A3F08B6C}.EasyTest|x86.ActiveCfg = Release|Any CPU
		{8F0A222C-A02F-4141-BF17-F819A3F08B6C}.Prueba|Any CPU.ActiveCfg = Prueba|Any CPU
		{8F0A222C-A02F-4141-BF17-F819A3F08B6C}.Prueba|Mixed Platforms.ActiveCfg = Prueba|Any CPU
		{8F0A222C-A02F-4141-BF17-F819A3F08B6C}.Prueba|Mixed Platforms.Build.0 = Prueba|Any CPU
		{8F0A222C-A02F-4141-BF17-F819A3F08B6C}.Prueba|x64.ActiveCfg = Prueba|Any CPU
		{8F0A222C-A02F-4141-BF17-F819A3F08B6C}.Prueba|x86.ActiveCfg = Prueba|Any CPU
		{8F0A222C-A02F-4141-BF17-F819A3F08B6C}.Release|Any CPU.ActiveCfg = Release|Any CPU
		{8F0A222C-A02F-4141-BF17-F819A3F08B6C}.Release|Any CPU.Build.0 = Release|Any CPU
		{8F0A222C-A02F-4141-BF17-F819A3F08B6C}.Release|Mixed Platforms.ActiveCfg = Release|Any CPU
		{8F0A222C-A02F-4141-BF17-F819A3F08B6C}.Release|Mixed Platforms.Build.0 = Release|Any CPU
		{8F0A222C-A02F-4141-BF17-F819A3F08B6C}.Release|x64.ActiveCfg = Release|Any CPU
		{8F0A222C-A02F-4141-BF17-F819A3F08B6C}.Release|x86.ActiveCfg = Release|Any CPU
		{2C72424A-4192-4930-9852-7271EE3298A7}.Debug|Any CPU.ActiveCfg = Debug|x86
		{2C72424A-4192-4930-9852-7271EE3298A7}.Debug|Any CPU.Build.0 = Debug|x86
		{2C72424A-4192-4930-9852-7271EE3298A7}.Debug|Mixed Platforms.ActiveCfg = Debug|x86
		{2C72424A-4192-4930-9852-7271EE3298A7}.Debug|Mixed Platforms.Build.0 = Debug|x86
		{2C72424A-4192-4930-9852-7271EE3298A7}.Debug|x64.ActiveCfg = Debug|x86
		{2C72424A-4192-4930-9852-7271EE3298A7}.Debug|x86.ActiveCfg = Debug|x86
		{2C72424A-4192-4930-9852-7271EE3298A7}.Debug|x86.Build.0 = Debug|x86
		{2C72424A-4192-4930-9852-7271EE3298A7}.EasyTest|Any CPU.ActiveCfg = Release|x86
		{2C72424A-4192-4930-9852-7271EE3298A7}.EasyTest|Any CPU.Build.0 = Release|x86
		{2C72424A-4192-4930-9852-7271EE3298A7}.EasyTest|Mixed Platforms.ActiveCfg = Release|x86
		{2C72424A-4192-4930-9852-7271EE3298A7}.EasyTest|Mixed Platforms.Build.0 = Release|x86
		{2C72424A-4192-4930-9852-7271EE3298A7}.EasyTest|x64.ActiveCfg = Release|x64
		{2C72424A-4192-4930-9852-7271EE3298A7}.EasyTest|x64.Build.0 = Release|x64
		{2C72424A-4192-4930-9852-7271EE3298A7}.EasyTest|x86.ActiveCfg = Release|x86
		{2C72424A-4192-4930-9852-7271EE3298A7}.EasyTest|x86.Build.0 = Release|x86
		{2C72424A-4192-4930-9852-7271EE3298A7}.Prueba|Any CPU.ActiveCfg = Prueba|x64
		{2C72424A-4192-4930-9852-7271EE3298A7}.Prueba|Mixed Platforms.ActiveCfg = Prueba|x86
		{2C72424A-4192-4930-9852-7271EE3298A7}.Prueba|Mixed Platforms.Build.0 = Prueba|x86
		{2C72424A-4192-4930-9852-7271EE3298A7}.Prueba|x64.ActiveCfg = Prueba|x64
		{2C72424A-4192-4930-9852-7271EE3298A7}.Prueba|x86.ActiveCfg = Prueba|x86
		{2C72424A-4192-4930-9852-7271EE3298A7}.Release|Any CPU.ActiveCfg = Release|x86
		{2C72424A-4192-4930-9852-7271EE3298A7}.Release|Any CPU.Build.0 = Release|x86
		{2C72424A-4192-4930-9852-7271EE3298A7}.Release|Mixed Platforms.ActiveCfg = Release|x86
		{2C72424A-4192-4930-9852-7271EE3298A7}.Release|Mixed Platforms.Build.0 = Release|x86
		{2C72424A-4192-4930-9852-7271EE3298A7}.Release|x64.ActiveCfg = Release|x64
		{2C72424A-4192-4930-9852-7271EE3298A7}.Release|x64.Build.0 = Release|x64
		{2C72424A-4192-4930-9852-7271EE3298A7}.Release|x86.ActiveCfg = Release|x86
		{2C72424A-4192-4930-9852-7271EE3298A7}.Release|x86.Build.0 = Release|x86
		{F4361C16-9C33-449C-98FE-DF2E2186AC78}.Debug|Any CPU.ActiveCfg = Debug|Any CPU
		{F4361C16-9C33-449C-98FE-DF2E2186AC78}.Debug|Any CPU.Build.0 = Debug|Any CPU
		{F4361C16-9C33-449C-98FE-DF2E2186AC78}.Debug|Mixed Platforms.ActiveCfg = Debug|Any CPU
		{F4361C16-9C33-449C-98FE-DF2E2186AC78}.Debug|Mixed Platforms.Build.0 = Debug|Any CPU
		{F4361C16-9C33-449C-98FE-DF2E2186AC78}.Debug|x64.ActiveCfg = Debug|Any CPU
		{F4361C16-9C33-449C-98FE-DF2E2186AC78}.Debug|x86.ActiveCfg = Debug|Any CPU
		{F4361C16-9C33-449C-98FE-DF2E2186AC78}.Debug|x86.Build.0 = Debug|Any CPU
		{F4361C16-9C33-449C-98FE-DF2E2186AC78}.EasyTest|Any CPU.ActiveCfg = Release|Any CPU
		{F4361C16-9C33-449C-98FE-DF2E2186AC78}.EasyTest|Any CPU.Build.0 = Release|Any CPU
		{F4361C16-9C33-449C-98FE-DF2E2186AC78}.EasyTest|Mixed Platforms.ActiveCfg = Release|Any CPU
		{F4361C16-9C33-449C-98FE-DF2E2186AC78}.EasyTest|Mixed Platforms.Build.0 = Release|Any CPU
		{F4361C16-9C33-449C-98FE-DF2E2186AC78}.EasyTest|x64.ActiveCfg = Release|Any CPU
		{F4361C16-9C33-449C-98FE-DF2E2186AC78}.EasyTest|x86.ActiveCfg = Release|Any CPU
		{F4361C16-9C33-449C-98FE-DF2E2186AC78}.Prueba|Any CPU.ActiveCfg = Prueba|Any CPU
		{F4361C16-9C33-449C-98FE-DF2E2186AC78}.Prueba|Mixed Platforms.ActiveCfg = Prueba|Any CPU
		{F4361C16-9C33-449C-98FE-DF2E2186AC78}.Prueba|Mixed Platforms.Build.0 = Prueba|Any CPU
		{F4361C16-9C33-449C-98FE-DF2E2186AC78}.Prueba|x64.ActiveCfg = Prueba|Any CPU
		{F4361C16-9C33-449C-98FE-DF2E2186AC78}.Prueba|x86.ActiveCfg = Prueba|Any CPU
		{F4361C16-9C33-449C-98FE-DF2E2186AC78}.Release|Any CPU.ActiveCfg = Release|Any CPU
		{F4361C16-9C33-449C-98FE-DF2E2186AC78}.Release|Any CPU.Build.0 = Release|Any CPU
		{F4361C16-9C33-449C-98FE-DF2E2186AC78}.Release|Mixed Platforms.ActiveCfg = Release|Any CPU
		{F4361C16-9C33-449C-98FE-DF2E2186AC78}.Release|Mixed Platforms.Build.0 = Release|Any CPU
		{F4361C16-9C33-449C-98FE-DF2E2186AC78}.Release|x64.ActiveCfg = Release|Any CPU
		{F4361C16-9C33-449C-98FE-DF2E2186AC78}.Release|x86.ActiveCfg = Release|Any CPU
		{51EA47EC-00C0-4EB2-8FE1-95520F79B5AD}.Debug|Any CPU.ActiveCfg = Debug|Any CPU
		{51EA47EC-00C0-4EB2-8FE1-95520F79B5AD}.Debug|Any CPU.Build.0 = Debug|Any CPU
		{51EA47EC-00C0-4EB2-8FE1-95520F79B5AD}.Debug|Mixed Platforms.ActiveCfg = Debug|Any CPU
		{51EA47EC-00C0-4EB2-8FE1-95520F79B5AD}.Debug|Mixed Platforms.Build.0 = Debug|Any CPU
		{51EA47EC-00C0-4EB2-8FE1-95520F79B5AD}.Debug|x64.ActiveCfg = Debug|Any CPU
		{51EA47EC-00C0-4EB2-8FE1-95520F79B5AD}.Debug|x86.ActiveCfg = Debug|Any CPU
		{51EA47EC-00C0-4EB2-8FE1-95520F79B5AD}.Debug|x86.Build.0 = Debug|Any CPU
		{51EA47EC-00C0-4EB2-8FE1-95520F79B5AD}.EasyTest|Any CPU.ActiveCfg = Release|Any CPU
		{51EA47EC-00C0-4EB2-8FE1-95520F79B5AD}.EasyTest|Any CPU.Build.0 = Release|Any CPU
		{51EA47EC-00C0-4EB2-8FE1-95520F79B5AD}.EasyTest|Mixed Platforms.ActiveCfg = Release|Any CPU
		{51EA47EC-00C0-4EB2-8FE1-95520F79B5AD}.EasyTest|Mixed Platforms.Build.0 = Release|Any CPU
		{51EA47EC-00C0-4EB2-8FE1-95520F79B5AD}.EasyTest|x64.ActiveCfg = Release|Any CPU
		{51EA47EC-00C0-4EB2-8FE1-95520F79B5AD}.EasyTest|x86.ActiveCfg = Release|Any CPU
		{51EA47EC-00C0-4EB2-8FE1-95520F79B5AD}.Prueba|Any CPU.ActiveCfg = Prueba|Any CPU
		{51EA47EC-00C0-4EB2-8FE1-95520F79B5AD}.Prueba|Mixed Platforms.ActiveCfg = Prueba|Any CPU
		{51EA47EC-00C0-4EB2-8FE1-95520F79B5AD}.Prueba|Mixed Platforms.Build.0 = Prueba|Any CPU
		{51EA47EC-00C0-4EB2-8FE1-95520F79B5AD}.Prueba|x64.ActiveCfg = Prueba|Any CPU
		{51EA47EC-00C0-4EB2-8FE1-95520F79B5AD}.Prueba|x86.ActiveCfg = Prueba|Any CPU
		{51EA47EC-00C0-4EB2-8FE1-95520F79B5AD}.Release|Any CPU.ActiveCfg = Release|Any CPU
		{51EA47EC-00C0-4EB2-8FE1-95520F79B5AD}.Release|Any CPU.Build.0 = Release|Any CPU
		{51EA47EC-00C0-4EB2-8FE1-95520F79B5AD}.Release|Mixed Platforms.ActiveCfg = Release|Any CPU
		{51EA47EC-00C0-4EB2-8FE1-95520F79B5AD}.Release|Mixed Platforms.Build.0 = Release|Any CPU
		{51EA47EC-00C0-4EB2-8FE1-95520F79B5AD}.Release|x64.ActiveCfg = Release|Any CPU
		{51EA47EC-00C0-4EB2-8FE1-95520F79B5AD}.Release|x86.ActiveCfg = Release|Any CPU
		{498AED4B-4B34-4A74-A000-0947F39110C6}.Debug|Any CPU.ActiveCfg = Debug|Any CPU
		{498AED4B-4B34-4A74-A000-0947F39110C6}.Debug|Any CPU.Build.0 = Debug|Any CPU
		{498AED4B-4B34-4A74-A000-0947F39110C6}.Debug|Mixed Platforms.ActiveCfg = Debug|Any CPU
		{498AED4B-4B34-4A74-A000-0947F39110C6}.Debug|Mixed Platforms.Build.0 = Debug|Any CPU
		{498AED4B-4B34-4A74-A000-0947F39110C6}.Debug|x64.ActiveCfg = Debug|Any CPU
		{498AED4B-4B34-4A74-A000-0947F39110C6}.Debug|x86.ActiveCfg = Debug|Any CPU
		{498AED4B-4B34-4A74-A000-0947F39110C6}.Debug|x86.Build.0 = Debug|Any CPU
		{498AED4B-4B34-4A74-A000-0947F39110C6}.EasyTest|Any CPU.ActiveCfg = Release|Any CPU
		{498AED4B-4B34-4A74-A000-0947F39110C6}.EasyTest|Any CPU.Build.0 = Release|Any CPU
		{498AED4B-4B34-4A74-A000-0947F39110C6}.EasyTest|Mixed Platforms.ActiveCfg = Release|Any CPU
		{498AED4B-4B34-4A74-A000-0947F39110C6}.EasyTest|Mixed Platforms.Build.0 = Release|Any CPU
		{498AED4B-4B34-4A74-A000-0947F39110C6}.EasyTest|x64.ActiveCfg = Release|Any CPU
		{498AED4B-4B34-4A74-A000-0947F39110C6}.EasyTest|x86.ActiveCfg = Release|Any CPU
		{498AED4B-4B34-4A74-A000-0947F39110C6}.Prueba|Any CPU.ActiveCfg = Prueba|Any CPU
		{498AED4B-4B34-4A74-A000-0947F39110C6}.Prueba|Mixed Platforms.ActiveCfg = Prueba|Any CPU
		{498AED4B-4B34-4A74-A000-0947F39110C6}.Prueba|Mixed Platforms.Build.0 = Prueba|Any CPU
		{498AED4B-4B34-4A74-A000-0947F39110C6}.Prueba|x64.ActiveCfg = Prueba|Any CPU
		{498AED4B-4B34-4A74-A000-0947F39110C6}.Prueba|x86.ActiveCfg = Prueba|Any CPU
		{498AED4B-4B34-4A74-A000-0947F39110C6}.Release|Any CPU.ActiveCfg = Release|Any CPU
		{498AED4B-4B34-4A74-A000-0947F39110C6}.Release|Any CPU.Build.0 = Release|Any CPU
		{498AED4B-4B34-4A74-A000-0947F39110C6}.Release|Mixed Platforms.ActiveCfg = Release|Any CPU
		{498AED4B-4B34-4A74-A000-0947F39110C6}.Release|Mixed Platforms.Build.0 = Release|Any CPU
		{498AED4B-4B34-4A74-A000-0947F39110C6}.Release|x64.ActiveCfg = Release|Any CPU
		{498AED4B-4B34-4A74-A000-0947F39110C6}.Release|x86.ActiveCfg = Release|Any CPU
		{DBC70D63-7A23-4639-87BF-FDFDCF230562}.Debug|Any CPU.ActiveCfg = Debug|Any CPU
		{DBC70D63-7A23-4639-87BF-FDFDCF230562}.Debug|Any CPU.Build.0 = Debug|Any CPU
		{DBC70D63-7A23-4639-87BF-FDFDCF230562}.Debug|Mixed Platforms.ActiveCfg = Debug|Any CPU
		{DBC70D63-7A23-4639-87BF-FDFDCF230562}.Debug|Mixed Platforms.Build.0 = Debug|Any CPU
		{DBC70D63-7A23-4639-87BF-FDFDCF230562}.Debug|x64.ActiveCfg = Debug|Any CPU
		{DBC70D63-7A23-4639-87BF-FDFDCF230562}.Debug|x86.ActiveCfg = Debug|Any CPU
		{DBC70D63-7A23-4639-87BF-FDFDCF230562}.Debug|x86.Build.0 = Debug|Any CPU
		{DBC70D63-7A23-4639-87BF-FDFDCF230562}.EasyTest|Any CPU.ActiveCfg = Release|Any CPU
		{DBC70D63-7A23-4639-87BF-FDFDCF230562}.EasyTest|Any CPU.Build.0 = Release|Any CPU
		{DBC70D63-7A23-4639-87BF-FDFDCF230562}.EasyTest|Mixed Platforms.ActiveCfg = Release|Any CPU
		{DBC70D63-7A23-4639-87BF-FDFDCF230562}.EasyTest|Mixed Platforms.Build.0 = Release|Any CPU
		{DBC70D63-7A23-4639-87BF-FDFDCF230562}.EasyTest|x64.ActiveCfg = Release|Any CPU
		{DBC70D63-7A23-4639-87BF-FDFDCF230562}.EasyTest|x86.ActiveCfg = Release|Any CPU
		{DBC70D63-7A23-4639-87BF-FDFDCF230562}.Prueba|Any CPU.ActiveCfg = Prueba|Any CPU
		{DBC70D63-7A23-4639-87BF-FDFDCF230562}.Prueba|Mixed Platforms.ActiveCfg = Prueba|Any CPU
		{DBC70D63-7A23-4639-87BF-FDFDCF230562}.Prueba|Mixed Platforms.Build.0 = Prueba|Any CPU
		{DBC70D63-7A23-4639-87BF-FDFDCF230562}.Prueba|x64.ActiveCfg = Prueba|Any CPU
		{DBC70D63-7A23-4639-87BF-FDFDCF230562}.Prueba|x86.ActiveCfg = Prueba|Any CPU
		{DBC70D63-7A23-4639-87BF-FDFDCF230562}.Release|Any CPU.ActiveCfg = Release|Any CPU
		{DBC70D63-7A23-4639-87BF-FDFDCF230562}.Release|Any CPU.Build.0 = Release|Any CPU
		{DBC70D63-7A23-4639-87BF-FDFDCF230562}.Release|Mixed Platforms.ActiveCfg = Release|Any CPU
		{DBC70D63-7A23-4639-87BF-FDFDCF230562}.Release|Mixed Platforms.Build.0 = Release|Any CPU
		{DBC70D63-7A23-4639-87BF-FDFDCF230562}.Release|x64.ActiveCfg = Release|Any CPU
		{DBC70D63-7A23-4639-87BF-FDFDCF230562}.Release|x86.ActiveCfg = Release|Any CPU
		{D8A4DAA8-DD69-4A94-B743-61F2114F47DC}.Debug|Any CPU.ActiveCfg = Debug|Any CPU
		{D8A4DAA8-DD69-4A94-B743-61F2114F47DC}.Debug|Any CPU.Build.0 = Debug|Any CPU
		{D8A4DAA8-DD69-4A94-B743-61F2114F47DC}.Debug|Mixed Platforms.ActiveCfg = Debug|Any CPU
		{D8A4DAA8-DD69-4A94-B743-61F2114F47DC}.Debug|Mixed Platforms.Build.0 = Debug|Any CPU
		{D8A4DAA8-DD69-4A94-B743-61F2114F47DC}.Debug|x64.ActiveCfg = Debug|Any CPU
		{D8A4DAA8-DD69-4A94-B743-61F2114F47DC}.Debug|x86.ActiveCfg = Debug|Any CPU
		{D8A4DAA8-DD69-4A94-B743-61F2114F47DC}.Debug|x86.Build.0 = Debug|Any CPU
		{D8A4DAA8-DD69-4A94-B743-61F2114F47DC}.EasyTest|Any CPU.ActiveCfg = Release|Any CPU
		{D8A4DAA8-DD69-4A94-B743-61F2114F47DC}.EasyTest|Any CPU.Build.0 = Release|Any CPU
		{D8A4DAA8-DD69-4A94-B743-61F2114F47DC}.EasyTest|Mixed Platforms.ActiveCfg = Release|Any CPU
		{D8A4DAA8-DD69-4A94-B743-61F2114F47DC}.EasyTest|Mixed Platforms.Build.0 = Release|Any CPU
		{D8A4DAA8-DD69-4A94-B743-61F2114F47DC}.EasyTest|x64.ActiveCfg = Release|Any CPU
		{D8A4DAA8-DD69-4A94-B743-61F2114F47DC}.EasyTest|x86.ActiveCfg = Release|Any CPU
		{D8A4DAA8-DD69-4A94-B743-61F2114F47DC}.Prueba|Any CPU.ActiveCfg = Prueba|Any CPU
		{D8A4DAA8-DD69-4A94-B743-61F2114F47DC}.Prueba|Mixed Platforms.ActiveCfg = Prueba|Any CPU
		{D8A4DAA8-DD69-4A94-B743-61F2114F47DC}.Prueba|Mixed Platforms.Build.0 = Prueba|Any CPU
		{D8A4DAA8-DD69-4A94-B743-61F2114F47DC}.Prueba|x64.ActiveCfg = Prueba|Any CPU
		{D8A4DAA8-DD69-4A94-B743-61F2114F47DC}.Prueba|x86.ActiveCfg = Prueba|Any CPU
		{D8A4DAA8-DD69-4A94-B743-61F2114F47DC}.Release|Any CPU.ActiveCfg = Release|Any CPU
		{D8A4DAA8-DD69-4A94-B743-61F2114F47DC}.Release|Any CPU.Build.0 = Release|Any CPU
		{D8A4DAA8-DD69-4A94-B743-61F2114F47DC}.Release|Mixed Platforms.ActiveCfg = Release|Any CPU
		{D8A4DAA8-DD69-4A94-B743-61F2114F47DC}.Release|Mixed Platforms.Build.0 = Release|Any CPU
		{D8A4DAA8-DD69-4A94-B743-61F2114F47DC}.Release|x64.ActiveCfg = Release|Any CPU
		{D8A4DAA8-DD69-4A94-B743-61F2114F47DC}.Release|x86.ActiveCfg = Release|Any CPU
		{5A64003F-FC37-4FC2-948D-0A604787F5F2}.Debug|Any CPU.ActiveCfg = Debug|Any CPU
		{5A64003F-FC37-4FC2-948D-0A604787F5F2}.Debug|Any CPU.Build.0 = Debug|Any CPU
		{5A64003F-FC37-4FC2-948D-0A604787F5F2}.Debug|Mixed Platforms.ActiveCfg = Debug|Any CPU
		{5A64003F-FC37-4FC2-948D-0A604787F5F2}.Debug|Mixed Platforms.Build.0 = Debug|Any CPU
		{5A64003F-FC37-4FC2-948D-0A604787F5F2}.Debug|x64.ActiveCfg = Debug|Any CPU
		{5A64003F-FC37-4FC2-948D-0A604787F5F2}.Debug|x86.ActiveCfg = Debug|Any CPU
		{5A64003F-FC37-4FC2-948D-0A604787F5F2}.Debug|x86.Build.0 = Debug|Any CPU
		{5A64003F-FC37-4FC2-948D-0A604787F5F2}.EasyTest|Any CPU.ActiveCfg = Release|Any CPU
		{5A64003F-FC37-4FC2-948D-0A604787F5F2}.EasyTest|Any CPU.Build.0 = Release|Any CPU
		{5A64003F-FC37-4FC2-948D-0A604787F5F2}.EasyTest|Mixed Platforms.ActiveCfg = Release|Any CPU
		{5A64003F-FC37-4FC2-948D-0A604787F5F2}.EasyTest|Mixed Platforms.Build.0 = Release|Any CPU
		{5A64003F-FC37-4FC2-948D-0A604787F5F2}.EasyTest|x64.ActiveCfg = Release|Any CPU
		{5A64003F-FC37-4FC2-948D-0A604787F5F2}.EasyTest|x86.ActiveCfg = Release|Any CPU
		{5A64003F-FC37-4FC2-948D-0A604787F5F2}.Prueba|Any CPU.ActiveCfg = Prueba|Any CPU
		{5A64003F-FC37-4FC2-948D-0A604787F5F2}.Prueba|Mixed Platforms.ActiveCfg = Prueba|Any CPU
		{5A64003F-FC37-4FC2-948D-0A604787F5F2}.Prueba|Mixed Platforms.Build.0 = Prueba|Any CPU
		{5A64003F-FC37-4FC2-948D-0A604787F5F2}.Prueba|x64.ActiveCfg = Prueba|Any CPU
		{5A64003F-FC37-4FC2-948D-0A604787F5F2}.Prueba|x86.ActiveCfg = Prueba|Any CPU
		{5A64003F-FC37-4FC2-948D-0A604787F5F2}.Release|Any CPU.ActiveCfg = Release|Any CPU
		{5A64003F-FC37-4FC2-948D-0A604787F5F2}.Release|Any CPU.Build.0 = Release|Any CPU
		{5A64003F-FC37-4FC2-948D-0A604787F5F2}.Release|Mixed Platforms.ActiveCfg = Release|Any CPU
		{5A64003F-FC37-4FC2-948D-0A604787F5F2}.Release|Mixed Platforms.Build.0 = Release|Any CPU
		{5A64003F-FC37-4FC2-948D-0A604787F5F2}.Release|x64.ActiveCfg = Release|Any CPU
		{5A64003F-FC37-4FC2-948D-0A604787F5F2}.Release|x86.ActiveCfg = Release|Any CPU
		{650E5CC9-D792-4413-81CD-083DEBA29DF0}.Debug|Any CPU.ActiveCfg = Debug|Any CPU
		{650E5CC9-D792-4413-81CD-083DEBA29DF0}.Debug|Any CPU.Build.0 = Debug|Any CPU
		{650E5CC9-D792-4413-81CD-083DEBA29DF0}.Debug|Mixed Platforms.ActiveCfg = Debug|Any CPU
		{650E5CC9-D792-4413-81CD-083DEBA29DF0}.Debug|Mixed Platforms.Build.0 = Debug|Any CPU
		{650E5CC9-D792-4413-81CD-083DEBA29DF0}.Debug|x64.ActiveCfg = Debug|Any CPU
		{650E5CC9-D792-4413-81CD-083DEBA29DF0}.Debug|x86.ActiveCfg = Debug|Any CPU
		{650E5CC9-D792-4413-81CD-083DEBA29DF0}.Debug|x86.Build.0 = Debug|Any CPU
		{650E5CC9-D792-4413-81CD-083DEBA29DF0}.EasyTest|Any CPU.ActiveCfg = Release|Any CPU
		{650E5CC9-D792-4413-81CD-083DEBA29DF0}.EasyTest|Any CPU.Build.0 = Release|Any CPU
		{650E5CC9-D792-4413-81CD-083DEBA29DF0}.EasyTest|Mixed Platforms.ActiveCfg = Release|Any CPU
		{650E5CC9-D792-4413-81CD-083DEBA29DF0}.EasyTest|Mixed Platforms.Build.0 = Release|Any CPU
		{650E5CC9-D792-4413-81CD-083DEBA29DF0}.EasyTest|x64.ActiveCfg = Release|Any CPU
		{650E5CC9-D792-4413-81CD-083DEBA29DF0}.EasyTest|x86.ActiveCfg = Release|Any CPU
		{650E5CC9-D792-4413-81CD-083DEBA29DF0}.Prueba|Any CPU.ActiveCfg = Release|Any CPU
		{650E5CC9-D792-4413-81CD-083DEBA29DF0}.Prueba|Any CPU.Build.0 = Release|Any CPU
		{650E5CC9-D792-4413-81CD-083DEBA29DF0}.Prueba|Mixed Platforms.ActiveCfg = Release|Any CPU
		{650E5CC9-D792-4413-81CD-083DEBA29DF0}.Prueba|Mixed Platforms.Build.0 = Release|Any CPU
		{650E5CC9-D792-4413-81CD-083DEBA29DF0}.Prueba|x64.ActiveCfg = Release|Any CPU
		{650E5CC9-D792-4413-81CD-083DEBA29DF0}.Prueba|x86.ActiveCfg = Release|Any CPU
		{650E5CC9-D792-4413-81CD-083DEBA29DF0}.Release|Any CPU.ActiveCfg = Release|Any CPU
		{650E5CC9-D792-4413-81CD-083DEBA29DF0}.Release|Any CPU.Build.0 = Release|Any CPU
		{650E5CC9-D792-4413-81CD-083DEBA29DF0}.Release|Mixed Platforms.ActiveCfg = Release|Any CPU
		{650E5CC9-D792-4413-81CD-083DEBA29DF0}.Release|Mixed Platforms.Build.0 = Release|Any CPU
		{650E5CC9-D792-4413-81CD-083DEBA29DF0}.Release|x64.ActiveCfg = Release|Any CPU
		{650E5CC9-D792-4413-81CD-083DEBA29DF0}.Release|x86.ActiveCfg = Release|Any CPU
		{0D111D57-24FD-4C3A-8CDD-F4A15B6766BC}.Debug|Any CPU.ActiveCfg = Debug|Any CPU
		{0D111D57-24FD-4C3A-8CDD-F4A15B6766BC}.Debug|Any CPU.Build.0 = Debug|Any CPU
		{0D111D57-24FD-4C3A-8CDD-F4A15B6766BC}.Debug|Any CPU.Deploy.0 = Debug|Any CPU
		{0D111D57-24FD-4C3A-8CDD-F4A15B6766BC}.Debug|Mixed Platforms.ActiveCfg = Debug|Any CPU
		{0D111D57-24FD-4C3A-8CDD-F4A15B6766BC}.Debug|x64.ActiveCfg = Debug|Any CPU
		{0D111D57-24FD-4C3A-8CDD-F4A15B6766BC}.Debug|x86.ActiveCfg = Debug|Any CPU
		{0D111D57-24FD-4C3A-8CDD-F4A15B6766BC}.Debug|x86.Build.0 = Debug|Any CPU
		{0D111D57-24FD-4C3A-8CDD-F4A15B6766BC}.Debug|x86.Deploy.0 = Debug|Any CPU
		{0D111D57-24FD-4C3A-8CDD-F4A15B6766BC}.EasyTest|Any CPU.ActiveCfg = Debug|Any CPU
		{0D111D57-24FD-4C3A-8CDD-F4A15B6766BC}.EasyTest|Any CPU.Build.0 = Debug|Any CPU
		{0D111D57-24FD-4C3A-8CDD-F4A15B6766BC}.EasyTest|Any CPU.Deploy.0 = Debug|Any CPU
		{0D111D57-24FD-4C3A-8CDD-F4A15B6766BC}.EasyTest|Mixed Platforms.ActiveCfg = Debug|Any CPU
		{0D111D57-24FD-4C3A-8CDD-F4A15B6766BC}.EasyTest|Mixed Platforms.Build.0 = Debug|Any CPU
		{0D111D57-24FD-4C3A-8CDD-F4A15B6766BC}.EasyTest|Mixed Platforms.Deploy.0 = Debug|Any CPU
		{0D111D57-24FD-4C3A-8CDD-F4A15B6766BC}.EasyTest|x64.ActiveCfg = Release|Any CPU
		{0D111D57-24FD-4C3A-8CDD-F4A15B6766BC}.EasyTest|x86.ActiveCfg = Debug|Any CPU
		{0D111D57-24FD-4C3A-8CDD-F4A15B6766BC}.Prueba|Any CPU.ActiveCfg = Prueba|Any CPU
		{0D111D57-24FD-4C3A-8CDD-F4A15B6766BC}.Prueba|Mixed Platforms.ActiveCfg = Prueba|Any CPU
		{0D111D57-24FD-4C3A-8CDD-F4A15B6766BC}.Prueba|Mixed Platforms.Build.0 = Prueba|Any CPU
		{0D111D57-24FD-4C3A-8CDD-F4A15B6766BC}.Prueba|Mixed Platforms.Deploy.0 = Prueba|Any CPU
		{0D111D57-24FD-4C3A-8CDD-F4A15B6766BC}.Prueba|x64.ActiveCfg = Prueba|Any CPU
		{0D111D57-24FD-4C3A-8CDD-F4A15B6766BC}.Prueba|x86.ActiveCfg = Prueba|Any CPU
		{0D111D57-24FD-4C3A-8CDD-F4A15B6766BC}.Release|Any CPU.ActiveCfg = Release|Any CPU
		{0D111D57-24FD-4C3A-8CDD-F4A15B6766BC}.Release|Any CPU.Build.0 = Release|Any CPU
		{0D111D57-24FD-4C3A-8CDD-F4A15B6766BC}.Release|Any CPU.Deploy.0 = Release|Any CPU
		{0D111D57-24FD-4C3A-8CDD-F4A15B6766BC}.Release|Mixed Platforms.ActiveCfg = Release|Any CPU
		{0D111D57-24FD-4C3A-8CDD-F4A15B6766BC}.Release|Mixed Platforms.Build.0 = Release|Any CPU
		{0D111D57-24FD-4C3A-8CDD-F4A15B6766BC}.Release|Mixed Platforms.Deploy.0 = Release|Any CPU
		{0D111D57-24FD-4C3A-8CDD-F4A15B6766BC}.Release|x64.ActiveCfg = Release|Any CPU
		{0D111D57-24FD-4C3A-8CDD-F4A15B6766BC}.Release|x86.ActiveCfg = Release|Any CPU
		{8626278E-6878-4E5A-9244-6F96A3BCB57B}.Debug|Any CPU.ActiveCfg = Debug|Any CPU
		{8626278E-6878-4E5A-9244-6F96A3BCB57B}.Debug|Any CPU.Build.0 = Debug|Any CPU
		{8626278E-6878-4E5A-9244-6F96A3BCB57B}.Debug|Mixed Platforms.ActiveCfg = Debug|Any CPU
		{8626278E-6878-4E5A-9244-6F96A3BCB57B}.Debug|Mixed Platforms.Build.0 = Debug|Any CPU
		{8626278E-6878-4E5A-9244-6F96A3BCB57B}.Debug|x64.ActiveCfg = Debug|Any CPU
		{8626278E-6878-4E5A-9244-6F96A3BCB57B}.Debug|x86.ActiveCfg = Debug|Any CPU
		{8626278E-6878-4E5A-9244-6F96A3BCB57B}.Debug|x86.Build.0 = Debug|Any CPU
		{8626278E-6878-4E5A-9244-6F96A3BCB57B}.EasyTest|Any CPU.ActiveCfg = Release|Any CPU
		{8626278E-6878-4E5A-9244-6F96A3BCB57B}.EasyTest|Any CPU.Build.0 = Release|Any CPU
		{8626278E-6878-4E5A-9244-6F96A3BCB57B}.EasyTest|Mixed Platforms.ActiveCfg = Release|Any CPU
		{8626278E-6878-4E5A-9244-6F96A3BCB57B}.EasyTest|Mixed Platforms.Build.0 = Release|Any CPU
		{8626278E-6878-4E5A-9244-6F96A3BCB57B}.EasyTest|x64.ActiveCfg = Release|Any CPU
		{8626278E-6878-4E5A-9244-6F96A3BCB57B}.EasyTest|x86.ActiveCfg = Release|Any CPU
		{8626278E-6878-4E5A-9244-6F96A3BCB57B}.Prueba|Any CPU.ActiveCfg = Prueba|Any CPU
		{8626278E-6878-4E5A-9244-6F96A3BCB57B}.Prueba|Mixed Platforms.ActiveCfg = Prueba|Any CPU
		{8626278E-6878-4E5A-9244-6F96A3BCB57B}.Prueba|Mixed Platforms.Build.0 = Prueba|Any CPU
		{8626278E-6878-4E5A-9244-6F96A3BCB57B}.Prueba|x64.ActiveCfg = Prueba|Any CPU
		{8626278E-6878-4E5A-9244-6F96A3BCB57B}.Prueba|x86.ActiveCfg = Prueba|Any CPU
		{8626278E-6878-4E5A-9244-6F96A3BCB57B}.Release|Any CPU.ActiveCfg = Release|Any CPU
		{8626278E-6878-4E5A-9244-6F96A3BCB57B}.Release|Any CPU.Build.0 = Release|Any CPU
		{8626278E-6878-4E5A-9244-6F96A3BCB57B}.Release|Mixed Platforms.ActiveCfg = Release|Any CPU
		{8626278E-6878-4E5A-9244-6F96A3BCB57B}.Release|Mixed Platforms.Build.0 = Release|Any CPU
		{8626278E-6878-4E5A-9244-6F96A3BCB57B}.Release|x64.ActiveCfg = Release|Any CPU
		{8626278E-6878-4E5A-9244-6F96A3BCB57B}.Release|x86.ActiveCfg = Release|Any CPU
	EndGlobalSection
	GlobalSection(SolutionProperties) = preSolution
		HideSolutionNode = FALSE
	EndGlobalSection
	GlobalSection(SubversionScc) = preSolution
		Svn-Managed = True
		Manager = AnkhSVN - Subversion Support for Visual Studio
	EndGlobalSection
EndGlobal
